
Microsoft Visual Studio Solution File, Format Version 12.00
# Visual Studio 15
VisualStudioVersion = 15.0.28307.168
MinimumVisualStudioVersion = 10.0.40219.1
Project("{FAE04EC0-301F-11D3-BF4B-00C04F79EFBC}") = "WpfApp5", "WpfApp5\WpfApp5.csproj", "{29D0E767-1102-459D-BD3D-7147FAD4B183}"
EndProject
Global
	GlobalSection(SolutionConfigurationPlatforms) = preSolution
		Debug|Any CPU = Debug|Any CPU
		Release|Any CPU = Release|Any CPU
	EndGlobalSection
	GlobalSection(ProjectConfigurationPlatforms) = postSolution
		{29D0E767-1102-459D-BD3D-7147FAD4B183}.Debug|Any CPU.ActiveCfg = Debug|Any CPU
		{29D0E767-1102-459D-BD3D-7147FAD4B183}.Debug|Any CPU.Build.0 = Debug|Any CPU
		{29D0E767-1102-459D-BD3D-7147FAD4B183}.Release|Any CPU.ActiveCfg = Release|Any CPU
		{29D0E767-1102-459D-BD3D-7147FAD4B183}.Release|Any CPU.Build.0 = Release|Any CPU
	EndGlobalSection
	GlobalSection(SolutionProperties) = preSolution
		HideSolutionNode = FALSE
	EndGlobalSection
	GlobalSection(ExtensibilityGlobals) = postSolution
		SolutionGuid = {1B872F30-ED99-4020-A2B3-AB8041C70ACF}
	EndGlobalSection
EndGlobal
